// !$*UTF8*$!
{
	archiveVersion = 1;
	classes = {
	};
	objectVersion = 55;
	objects = {

/* Begin PBXBuildFile section */
		FD27960A28DAE9CF006312B1 /* QueryServiceError.swift in Sources */ = {isa = PBXBuildFile; fileRef = FD27960928DAE9CF006312B1 /* QueryServiceError.swift */; };
		FD27960C28DAE9EE006312B1 /* PopularExchangeRateService.swift in Sources */ = {isa = PBXBuildFile; fileRef = FD27960B28DAE9EE006312B1 /* PopularExchangeRateService.swift */; };
		FD27960E28DAEA1B006312B1 /* PopularExchangeRates.swift in Sources */ = {isa = PBXBuildFile; fileRef = FD27960D28DAEA1B006312B1 /* PopularExchangeRates.swift */; };
		FD27961028DAEA47006312B1 /* ArchiveOfExchangeRateService.swift in Sources */ = {isa = PBXBuildFile; fileRef = FD27960F28DAEA47006312B1 /* ArchiveOfExchangeRateService.swift */; };
		FD298BE128E4C53E00692E23 /* Date+Comparison.swift in Sources */ = {isa = PBXBuildFile; fileRef = FD298BE028E4C53E00692E23 /* Date+Comparison.swift */; };
		FD64BF8228CF2F2A00010811 /* AppDelegate.swift in Sources */ = {isa = PBXBuildFile; fileRef = FD64BF8128CF2F2A00010811 /* AppDelegate.swift */; };
		FD64BF8428CF2F2A00010811 /* SceneDelegate.swift in Sources */ = {isa = PBXBuildFile; fileRef = FD64BF8328CF2F2A00010811 /* SceneDelegate.swift */; };
		FD64BF8628CF2F2A00010811 /* ViewController.swift in Sources */ = {isa = PBXBuildFile; fileRef = FD64BF8528CF2F2A00010811 /* ViewController.swift */; };
		FD64BF8928CF2F2A00010811 /* Main.storyboard in Resources */ = {isa = PBXBuildFile; fileRef = FD64BF8728CF2F2A00010811 /* Main.storyboard */; };
		FD64BF8B28CF2F2D00010811 /* Assets.xcassets in Resources */ = {isa = PBXBuildFile; fileRef = FD64BF8A28CF2F2D00010811 /* Assets.xcassets */; };
		FD64BF8E28CF2F2D00010811 /* LaunchScreen.storyboard in Resources */ = {isa = PBXBuildFile; fileRef = FD64BF8C28CF2F2D00010811 /* LaunchScreen.storyboard */; };
		FD77E14728D7BF3C00464759 /* CurrencyItem.xib in Resources */ = {isa = PBXBuildFile; fileRef = FD77E14628D7BF3C00464759 /* CurrencyItem.xib */; };
		FD77E14928D7BF4500464759 /* CurrencyItem.swift in Sources */ = {isa = PBXBuildFile; fileRef = FD77E14828D7BF4500464759 /* CurrencyItem.swift */; };
		FDB9183328E57EB300E6B090 /* Currency.swift in Sources */ = {isa = PBXBuildFile; fileRef = FDB9183228E57EB300E6B090 /* Currency.swift */; };
		FDB9183528E57ED000E6B090 /* CurrencyRate.swift in Sources */ = {isa = PBXBuildFile; fileRef = FDB9183428E57ED000E6B090 /* CurrencyRate.swift */; };
		FDB9183728E57EE800E6B090 /* Timestamped.swift in Sources */ = {isa = PBXBuildFile; fileRef = FDB9183628E57EE800E6B090 /* Timestamped.swift */; };
		FDB9183928E57F0B00E6B090 /* CodableUserDefault.swift in Sources */ = {isa = PBXBuildFile; fileRef = FDB9183828E57F0B00E6B090 /* CodableUserDefault.swift */; };
		FDB9183B28E57F2A00E6B090 /* UserDefaultsKeys.swift in Sources */ = {isa = PBXBuildFile; fileRef = FDB9183A28E57F2A00E6B090 /* UserDefaultsKeys.swift */; };
		FDBAECDB28D767080047AC6F /* UILabel+Functional.swift in Sources */ = {isa = PBXBuildFile; fileRef = FDBAECDA28D767080047AC6F /* UILabel+Functional.swift */; };
		FDCC3A2028D9101A00261CDA /* ExchangeRate.swift in Sources */ = {isa = PBXBuildFile; fileRef = FDCC3A1F28D9101A00261CDA /* ExchangeRate.swift */; };
		FDCC3A2228D9102A00261CDA /* BaseCurrency.swift in Sources */ = {isa = PBXBuildFile; fileRef = FDCC3A2128D9102A00261CDA /* BaseCurrency.swift */; };
		FDCC3A2428D9103C00261CDA /* ArchiveOfExchangeRate.swift in Sources */ = {isa = PBXBuildFile; fileRef = FDCC3A2328D9103C00261CDA /* ArchiveOfExchangeRate.swift */; };
		FDDD62C428D6669F0026A78C /* Fonts in Resources */ = {isa = PBXBuildFile; fileRef = FDDD62C328D6669F0026A78C /* Fonts */; };
/* End PBXBuildFile section */

/* Begin PBXFileReference section */
		FD27960928DAE9CF006312B1 /* QueryServiceError.swift */ = {isa = PBXFileReference; lastKnownFileType = sourcecode.swift; path = QueryServiceError.swift; sourceTree = "<group>"; };
		FD27960B28DAE9EE006312B1 /* PopularExchangeRateService.swift */ = {isa = PBXFileReference; lastKnownFileType = sourcecode.swift; path = PopularExchangeRateService.swift; sourceTree = "<group>"; };
		FD27960D28DAEA1B006312B1 /* PopularExchangeRates.swift */ = {isa = PBXFileReference; lastKnownFileType = sourcecode.swift; path = PopularExchangeRates.swift; sourceTree = "<group>"; };
		FD27960F28DAEA47006312B1 /* ArchiveOfExchangeRateService.swift */ = {isa = PBXFileReference; lastKnownFileType = sourcecode.swift; path = ArchiveOfExchangeRateService.swift; sourceTree = "<group>"; };
		FD298BE028E4C53E00692E23 /* Date+Comparison.swift */ = {isa = PBXFileReference; lastKnownFileType = sourcecode.swift; path = "Date+Comparison.swift"; sourceTree = "<group>"; };
		FD64BF7E28CF2F2A00010811 /* CurrencyConverter.app */ = {isa = PBXFileReference; explicitFileType = wrapper.application; includeInIndex = 0; path = CurrencyConverter.app; sourceTree = BUILT_PRODUCTS_DIR; };
		FD64BF8128CF2F2A00010811 /* AppDelegate.swift */ = {isa = PBXFileReference; lastKnownFileType = sourcecode.swift; path = AppDelegate.swift; sourceTree = "<group>"; };
		FD64BF8328CF2F2A00010811 /* SceneDelegate.swift */ = {isa = PBXFileReference; lastKnownFileType = sourcecode.swift; path = SceneDelegate.swift; sourceTree = "<group>"; };
		FD64BF8528CF2F2A00010811 /* ViewController.swift */ = {isa = PBXFileReference; lastKnownFileType = sourcecode.swift; path = ViewController.swift; sourceTree = "<group>"; };
		FD64BF8828CF2F2A00010811 /* Base */ = {isa = PBXFileReference; lastKnownFileType = file.storyboard; name = Base; path = Base.lproj/Main.storyboard; sourceTree = "<group>"; };
		FD64BF8A28CF2F2D00010811 /* Assets.xcassets */ = {isa = PBXFileReference; lastKnownFileType = folder.assetcatalog; path = Assets.xcassets; sourceTree = "<group>"; };
		FD64BF8D28CF2F2D00010811 /* Base */ = {isa = PBXFileReference; lastKnownFileType = file.storyboard; name = Base; path = Base.lproj/LaunchScreen.storyboard; sourceTree = "<group>"; };
		FD64BF8F28CF2F2D00010811 /* Info.plist */ = {isa = PBXFileReference; lastKnownFileType = text.plist.xml; path = Info.plist; sourceTree = "<group>"; };
		FD77E14628D7BF3C00464759 /* CurrencyItem.xib */ = {isa = PBXFileReference; lastKnownFileType = file.xib; path = CurrencyItem.xib; sourceTree = "<group>"; };
		FD77E14828D7BF4500464759 /* CurrencyItem.swift */ = {isa = PBXFileReference; lastKnownFileType = sourcecode.swift; path = CurrencyItem.swift; sourceTree = "<group>"; };
		FDB9183228E57EB300E6B090 /* Currency.swift */ = {isa = PBXFileReference; lastKnownFileType = sourcecode.swift; path = Currency.swift; sourceTree = "<group>"; };
		FDB9183428E57ED000E6B090 /* CurrencyRate.swift */ = {isa = PBXFileReference; lastKnownFileType = sourcecode.swift; path = CurrencyRate.swift; sourceTree = "<group>"; };
		FDB9183628E57EE800E6B090 /* Timestamped.swift */ = {isa = PBXFileReference; lastKnownFileType = sourcecode.swift; path = Timestamped.swift; sourceTree = "<group>"; };
		FDB9183828E57F0B00E6B090 /* CodableUserDefault.swift */ = {isa = PBXFileReference; lastKnownFileType = sourcecode.swift; path = CodableUserDefault.swift; sourceTree = "<group>"; };
		FDB9183A28E57F2A00E6B090 /* UserDefaultsKeys.swift */ = {isa = PBXFileReference; lastKnownFileType = sourcecode.swift; path = UserDefaultsKeys.swift; sourceTree = "<group>"; };
		FDBAECDA28D767080047AC6F /* UILabel+Functional.swift */ = {isa = PBXFileReference; lastKnownFileType = sourcecode.swift; path = "UILabel+Functional.swift"; sourceTree = "<group>"; };
		FDCC3A1F28D9101A00261CDA /* ExchangeRate.swift */ = {isa = PBXFileReference; lastKnownFileType = sourcecode.swift; path = ExchangeRate.swift; sourceTree = "<group>"; };
		FDCC3A2128D9102A00261CDA /* BaseCurrency.swift */ = {isa = PBXFileReference; lastKnownFileType = sourcecode.swift; path = BaseCurrency.swift; sourceTree = "<group>"; };
		FDCC3A2328D9103C00261CDA /* ArchiveOfExchangeRate.swift */ = {isa = PBXFileReference; lastKnownFileType = sourcecode.swift; path = ArchiveOfExchangeRate.swift; sourceTree = "<group>"; };
		FDDD62C328D6669F0026A78C /* Fonts */ = {isa = PBXFileReference; lastKnownFileType = folder; path = Fonts; sourceTree = "<group>"; };
/* End PBXFileReference section */

/* Begin PBXFrameworksBuildPhase section */
		FD64BF7B28CF2F2A00010811 /* Frameworks */ = {
			isa = PBXFrameworksBuildPhase;
			buildActionMask = 2147483647;
			files = (
			);
			runOnlyForDeploymentPostprocessing = 0;
		};
/* End PBXFrameworksBuildPhase section */

/* Begin PBXGroup section */
		FD64BF7528CF2F2A00010811 = {
			isa = PBXGroup;
			children = (
				FD64BF8028CF2F2A00010811 /* CurrencyConverter */,
				FD64BF7F28CF2F2A00010811 /* Products */,
			);
			sourceTree = "<group>";
		};
		FD64BF7F28CF2F2A00010811 /* Products */ = {
			isa = PBXGroup;
			children = (
				FD64BF7E28CF2F2A00010811 /* CurrencyConverter.app */,
			);
			name = Products;
			sourceTree = "<group>";
		};
		FD64BF8028CF2F2A00010811 /* CurrencyConverter */ = {
			isa = PBXGroup;
			children = (
				FD6CBA9828DC3E8B00444A72 /* Repositories */,
				FDEBA0E828D9B91F00A42087 /* Services */,
				FDCC3A1E28D9100B00261CDA /* Models */,
				FDC1507228D7B937002706D1 /* Views */,
				FDBAECD928D766F90047AC6F /* Extensions */,
				FDBE57B528D6434F00E7BD4D /* Controllers */,
				FD64BF8728CF2F2A00010811 /* Main.storyboard */,
				FDBE57B728D6436D00E7BD4D /* Supporting Files */,
				FDBE57B628D6435B00E7BD4D /* Resources */,
			);
			path = CurrencyConverter;
			sourceTree = "<group>";
		};
		FD6CBA9828DC3E8B00444A72 /* Repositories */ = {
			isa = PBXGroup;
			children = (
				FDB31C2E28DD988E0079DFE1 /* RepositoriesImpl */,
			);
			path = Repositories;
			sourceTree = "<group>";
		};
		FDB31C2E28DD988E0079DFE1 /* RepositoriesImpl */ = {
			isa = PBXGroup;
			children = (
			);
			path = RepositoriesImpl;
			sourceTree = "<group>";
		};
		FDBAECD928D766F90047AC6F /* Extensions */ = {
			isa = PBXGroup;
			children = (
				FDBAECDA28D767080047AC6F /* UILabel+Functional.swift */,
				FD298BE028E4C53E00692E23 /* Date+Comparison.swift */,
			);
			path = Extensions;
			sourceTree = "<group>";
		};
		FDBE57B528D6434F00E7BD4D /* Controllers */ = {
			isa = PBXGroup;
			children = (
				FD64BF8528CF2F2A00010811 /* ViewController.swift */,
			);
			path = Controllers;
			sourceTree = "<group>";
		};
		FDBE57B628D6435B00E7BD4D /* Resources */ = {
			isa = PBXGroup;
			children = (
				FDDD62C328D6669F0026A78C /* Fonts */,
				FD64BF8A28CF2F2D00010811 /* Assets.xcassets */,
				FDB9183A28E57F2A00E6B090 /* UserDefaultsKeys.swift */,
			);
			path = Resources;
			sourceTree = "<group>";
		};
		FDBE57B728D6436D00E7BD4D /* Supporting Files */ = {
			isa = PBXGroup;
			children = (
				FD64BF8128CF2F2A00010811 /* AppDelegate.swift */,
				FD64BF8328CF2F2A00010811 /* SceneDelegate.swift */,
				FD64BF8C28CF2F2D00010811 /* LaunchScreen.storyboard */,
				FD64BF8F28CF2F2D00010811 /* Info.plist */,
			);
			path = "Supporting Files";
			sourceTree = "<group>";
		};
		FDC1507228D7B937002706D1 /* Views */ = {
			isa = PBXGroup;
			children = (
				FD77E14628D7BF3C00464759 /* CurrencyItem.xib */,
				FD77E14828D7BF4500464759 /* CurrencyItem.swift */,
			);
			path = Views;
			sourceTree = "<group>";
		};
		FDCC3A1E28D9100B00261CDA /* Models */ = {
			isa = PBXGroup;
			children = (
				FDCC3A1F28D9101A00261CDA /* ExchangeRate.swift */,
				FDCC3A2128D9102A00261CDA /* BaseCurrency.swift */,
				FDCC3A2328D9103C00261CDA /* ArchiveOfExchangeRate.swift */,
				FD27960D28DAEA1B006312B1 /* PopularExchangeRates.swift */,
				FDB9183228E57EB300E6B090 /* Currency.swift */,
				FDB9183428E57ED000E6B090 /* CurrencyRate.swift */,
				FDB9183628E57EE800E6B090 /* Timestamped.swift */,
				FDB9183828E57F0B00E6B090 /* CodableUserDefault.swift */,
			);
			path = Models;
			sourceTree = "<group>";
		};
		FDEBA0E828D9B91F00A42087 /* Services */ = {
			isa = PBXGroup;
			children = (
				FDEBA0E928D9B92900A42087 /* Networking */,
			);
			path = Services;
			sourceTree = "<group>";
		};
		FDEBA0E928D9B92900A42087 /* Networking */ = {
			isa = PBXGroup;
			children = (
				FD27960928DAE9CF006312B1 /* QueryServiceError.swift */,
				FD27960B28DAE9EE006312B1 /* PopularExchangeRateService.swift */,
				FD27960F28DAEA47006312B1 /* ArchiveOfExchangeRateService.swift */,
			);
			path = Networking;
			sourceTree = "<group>";
		};
/* End PBXGroup section */

/* Begin PBXNativeTarget section */
		FD64BF7D28CF2F2A00010811 /* CurrencyConverter */ = {
			isa = PBXNativeTarget;
			buildConfigurationList = FD64BF9228CF2F2D00010811 /* Build configuration list for PBXNativeTarget "CurrencyConverter" */;
			buildPhases = (
				FD64BF7A28CF2F2A00010811 /* Sources */,
				FD64BF7B28CF2F2A00010811 /* Frameworks */,
				FD64BF7C28CF2F2A00010811 /* Resources */,
				FDBAECDC28D77B830047AC6F /* SwiftLint */,
			);
			buildRules = (
			);
			dependencies = (
			);
			name = CurrencyConverter;
			productName = CurrencyConverter;
			productReference = FD64BF7E28CF2F2A00010811 /* CurrencyConverter.app */;
			productType = "com.apple.product-type.application";
		};
/* End PBXNativeTarget section */

/* Begin PBXProject section */
		FD64BF7628CF2F2A00010811 /* Project object */ = {
			isa = PBXProject;
			attributes = {
				BuildIndependentTargetsInParallel = 1;
				LastSwiftUpdateCheck = 1340;
				LastUpgradeCheck = 1340;
				TargetAttributes = {
					FD64BF7D28CF2F2A00010811 = {
						CreatedOnToolsVersion = 13.4.1;
					};
				};
			};
			buildConfigurationList = FD64BF7928CF2F2A00010811 /* Build configuration list for PBXProject "CurrencyConverter" */;
			compatibilityVersion = "Xcode 13.0";
			developmentRegion = en;
			hasScannedForEncodings = 0;
			knownRegions = (
				en,
				Base,
			);
			mainGroup = FD64BF7528CF2F2A00010811;
			productRefGroup = FD64BF7F28CF2F2A00010811 /* Products */;
			projectDirPath = "";
			projectRoot = "";
			targets = (
				FD64BF7D28CF2F2A00010811 /* CurrencyConverter */,
			);
		};
/* End PBXProject section */

/* Begin PBXResourcesBuildPhase section */
		FD64BF7C28CF2F2A00010811 /* Resources */ = {
			isa = PBXResourcesBuildPhase;
			buildActionMask = 2147483647;
			files = (
				FD64BF8E28CF2F2D00010811 /* LaunchScreen.storyboard in Resources */,
				FD64BF8B28CF2F2D00010811 /* Assets.xcassets in Resources */,
				FD77E14728D7BF3C00464759 /* CurrencyItem.xib in Resources */,
				FD64BF8928CF2F2A00010811 /* Main.storyboard in Resources */,
				FDDD62C428D6669F0026A78C /* Fonts in Resources */,
			);
			runOnlyForDeploymentPostprocessing = 0;
		};
/* End PBXResourcesBuildPhase section */

/* Begin PBXShellScriptBuildPhase section */
		FDBAECDC28D77B830047AC6F /* SwiftLint */ = {
			isa = PBXShellScriptBuildPhase;
			buildActionMask = 2147483647;
			files = (
			);
			inputFileListPaths = (
			);
			inputPaths = (
			);
			name = SwiftLint;
			outputFileListPaths = (
			);
			outputPaths = (
			);
			runOnlyForDeploymentPostprocessing = 0;
			shellPath = /bin/sh;
			shellScript = "export PATH=\"$PATH:/opt/homebrew/bin\"\n\nif which swiftlint >/dev/null; then\n  swiftlint\nelse\n  echo \"warning: SwiftLint not installed, download from https://github.com/realm/SwiftLint\"\nfi\n";
		};
/* End PBXShellScriptBuildPhase section */

/* Begin PBXSourcesBuildPhase section */
		FD64BF7A28CF2F2A00010811 /* Sources */ = {
			isa = PBXSourcesBuildPhase;
			buildActionMask = 2147483647;
			files = (
				FD64BF8628CF2F2A00010811 /* ViewController.swift in Sources */,
				FD64BF8228CF2F2A00010811 /* AppDelegate.swift in Sources */,
				FD64BF8428CF2F2A00010811 /* SceneDelegate.swift in Sources */,
				FDCC3A2228D9102A00261CDA /* BaseCurrency.swift in Sources */,
				FDB9183728E57EE800E6B090 /* Timestamped.swift in Sources */,
				FDB9183528E57ED000E6B090 /* CurrencyRate.swift in Sources */,
				FDB9183B28E57F2A00E6B090 /* UserDefaultsKeys.swift in Sources */,
				FD27960C28DAE9EE006312B1 /* PopularExchangeRateService.swift in Sources */,
				FDCC3A2428D9103C00261CDA /* ArchiveOfExchangeRate.swift in Sources */,
				FDB9183328E57EB300E6B090 /* Currency.swift in Sources */,
				FDBAECDB28D767080047AC6F /* UILabel+Functional.swift in Sources */,
				FD298BE128E4C53E00692E23 /* Date+Comparison.swift in Sources */,
				FD27960E28DAEA1B006312B1 /* PopularExchangeRates.swift in Sources */,
				FD27961028DAEA47006312B1 /* ArchiveOfExchangeRateService.swift in Sources */,
				FDCC3A2028D9101A00261CDA /* ExchangeRate.swift in Sources */,
				FDB9183928E57F0B00E6B090 /* CodableUserDefault.swift in Sources */,
				FD77E14928D7BF4500464759 /* CurrencyItem.swift in Sources */,
				FD27960A28DAE9CF006312B1 /* QueryServiceError.swift in Sources */,
			);
			runOnlyForDeploymentPostprocessing = 0;
		};
/* End PBXSourcesBuildPhase section */

/* Begin PBXVariantGroup section */
		FD64BF8728CF2F2A00010811 /* Main.storyboard */ = {
			isa = PBXVariantGroup;
			children = (
				FD64BF8828CF2F2A00010811 /* Base */,
			);
			name = Main.storyboard;
			sourceTree = "<group>";
		};
		FD64BF8C28CF2F2D00010811 /* LaunchScreen.storyboard */ = {
			isa = PBXVariantGroup;
			children = (
				FD64BF8D28CF2F2D00010811 /* Base */,
			);
			name = LaunchScreen.storyboard;
			sourceTree = "<group>";
		};
/* End PBXVariantGroup section */

/* Begin XCBuildConfiguration section */
		FD64BF9028CF2F2D00010811 /* Debug */ = {
			isa = XCBuildConfiguration;
			buildSettings = {
				ALWAYS_SEARCH_USER_PATHS = NO;
				CLANG_ANALYZER_NONNULL = YES;
				CLANG_ANALYZER_NUMBER_OBJECT_CONVERSION = YES_AGGRESSIVE;
				CLANG_CXX_LANGUAGE_STANDARD = "gnu++17";
				CLANG_ENABLE_MODULES = YES;
				CLANG_ENABLE_OBJC_ARC = YES;
				CLANG_ENABLE_OBJC_WEAK = YES;
				CLANG_WARN_BLOCK_CAPTURE_AUTORELEASING = YES;
				CLANG_WARN_BOOL_CONVERSION = YES;
				CLANG_WARN_COMMA = YES;
				CLANG_WARN_CONSTANT_CONVERSION = YES;
				CLANG_WARN_DEPRECATED_OBJC_IMPLEMENTATIONS = YES;
				CLANG_WARN_DIRECT_OBJC_ISA_USAGE = YES_ERROR;
				CLANG_WARN_DOCUMENTATION_COMMENTS = YES;
				CLANG_WARN_EMPTY_BODY = YES;
				CLANG_WARN_ENUM_CONVERSION = YES;
				CLANG_WARN_INFINITE_RECURSION = YES;
				CLANG_WARN_INT_CONVERSION = YES;
				CLANG_WARN_NON_LITERAL_NULL_CONVERSION = YES;
				CLANG_WARN_OBJC_IMPLICIT_RETAIN_SELF = YES;
				CLANG_WARN_OBJC_LITERAL_CONVERSION = YES;
				CLANG_WARN_OBJC_ROOT_CLASS = YES_ERROR;
				CLANG_WARN_QUOTED_INCLUDE_IN_FRAMEWORK_HEADER = YES;
				CLANG_WARN_RANGE_LOOP_ANALYSIS = YES;
				CLANG_WARN_STRICT_PROTOTYPES = YES;
				CLANG_WARN_SUSPICIOUS_MOVE = YES;
				CLANG_WARN_UNGUARDED_AVAILABILITY = YES_AGGRESSIVE;
				CLANG_WARN_UNREACHABLE_CODE = YES;
				CLANG_WARN__DUPLICATE_METHOD_MATCH = YES;
				COPY_PHASE_STRIP = NO;
				DEBUG_INFORMATION_FORMAT = dwarf;
				ENABLE_STRICT_OBJC_MSGSEND = YES;
				ENABLE_TESTABILITY = YES;
				GCC_C_LANGUAGE_STANDARD = gnu11;
				GCC_DYNAMIC_NO_PIC = NO;
				GCC_NO_COMMON_BLOCKS = YES;
				GCC_OPTIMIZATION_LEVEL = 0;
				GCC_PREPROCESSOR_DEFINITIONS = (
					"DEBUG=1",
					"$(inherited)",
				);
				GCC_WARN_64_TO_32_BIT_CONVERSION = YES;
				GCC_WARN_ABOUT_RETURN_TYPE = YES_ERROR;
				GCC_WARN_UNDECLARED_SELECTOR = YES;
				GCC_WARN_UNINITIALIZED_AUTOS = YES_AGGRESSIVE;
				GCC_WARN_UNUSED_FUNCTION = YES;
				GCC_WARN_UNUSED_VARIABLE = YES;
				IPHONEOS_DEPLOYMENT_TARGET = 15.5;
				MTL_ENABLE_DEBUG_INFO = INCLUDE_SOURCE;
				MTL_FAST_MATH = YES;
				ONLY_ACTIVE_ARCH = YES;
				SDKROOT = iphoneos;
				SWIFT_ACTIVE_COMPILATION_CONDITIONS = DEBUG;
				SWIFT_OPTIMIZATION_LEVEL = "-Onone";
			};
			name = Debug;
		};
		FD64BF9128CF2F2D00010811 /* Release */ = {
			isa = XCBuildConfiguration;
			buildSettings = {
				ALWAYS_SEARCH_USER_PATHS = NO;
				CLANG_ANALYZER_NONNULL = YES;
				CLANG_ANALYZER_NUMBER_OBJECT_CONVERSION = YES_AGGRESSIVE;
				CLANG_CXX_LANGUAGE_STANDARD = "gnu++17";
				CLANG_ENABLE_MODULES = YES;
				CLANG_ENABLE_OBJC_ARC = YES;
				CLANG_ENABLE_OBJC_WEAK = YES;
				CLANG_WARN_BLOCK_CAPTURE_AUTORELEASING = YES;
				CLANG_WARN_BOOL_CONVERSION = YES;
				CLANG_WARN_COMMA = YES;
				CLANG_WARN_CONSTANT_CONVERSION = YES;
				CLANG_WARN_DEPRECATED_OBJC_IMPLEMENTATIONS = YES;
				CLANG_WARN_DIRECT_OBJC_ISA_USAGE = YES_ERROR;
				CLANG_WARN_DOCUMENTATION_COMMENTS = YES;
				CLANG_WARN_EMPTY_BODY = YES;
				CLANG_WARN_ENUM_CONVERSION = YES;
				CLANG_WARN_INFINITE_RECURSION = YES;
				CLANG_WARN_INT_CONVERSION = YES;
				CLANG_WARN_NON_LITERAL_NULL_CONVERSION = YES;
				CLANG_WARN_OBJC_IMPLICIT_RETAIN_SELF = YES;
				CLANG_WARN_OBJC_LITERAL_CONVERSION = YES;
				CLANG_WARN_OBJC_ROOT_CLASS = YES_ERROR;
				CLANG_WARN_QUOTED_INCLUDE_IN_FRAMEWORK_HEADER = YES;
				CLANG_WARN_RANGE_LOOP_ANALYSIS = YES;
				CLANG_WARN_STRICT_PROTOTYPES = YES;
				CLANG_WARN_SUSPICIOUS_MOVE = YES;
				CLANG_WARN_UNGUARDED_AVAILABILITY = YES_AGGRESSIVE;
				CLANG_WARN_UNREACHABLE_CODE = YES;
				CLANG_WARN__DUPLICATE_METHOD_MATCH = YES;
				COPY_PHASE_STRIP = NO;
				DEBUG_INFORMATION_FORMAT = "dwarf-with-dsym";
				ENABLE_NS_ASSERTIONS = NO;
				ENABLE_STRICT_OBJC_MSGSEND = YES;
				GCC_C_LANGUAGE_STANDARD = gnu11;
				GCC_NO_COMMON_BLOCKS = YES;
				GCC_WARN_64_TO_32_BIT_CONVERSION = YES;
				GCC_WARN_ABOUT_RETURN_TYPE = YES_ERROR;
				GCC_WARN_UNDECLARED_SELECTOR = YES;
				GCC_WARN_UNINITIALIZED_AUTOS = YES_AGGRESSIVE;
				GCC_WARN_UNUSED_FUNCTION = YES;
				GCC_WARN_UNUSED_VARIABLE = YES;
				IPHONEOS_DEPLOYMENT_TARGET = 15.5;
				MTL_ENABLE_DEBUG_INFO = NO;
				MTL_FAST_MATH = YES;
				SDKROOT = iphoneos;
				SWIFT_COMPILATION_MODE = wholemodule;
				SWIFT_OPTIMIZATION_LEVEL = "-O";
				VALIDATE_PRODUCT = YES;
			};
			name = Release;
		};
		FD64BF9328CF2F2D00010811 /* Debug */ = {
			isa = XCBuildConfiguration;
			buildSettings = {
				ASSETCATALOG_COMPILER_APPICON_NAME = AppIcon;
				ASSETCATALOG_COMPILER_GLOBAL_ACCENT_COLOR_NAME = AccentColor;
				CODE_SIGN_STYLE = Automatic;
				CURRENT_PROJECT_VERSION = 1;
				GENERATE_INFOPLIST_FILE = YES;
				INFOPLIST_FILE = "CurrencyConverter/Supporting Files/Info.plist";
				INFOPLIST_KEY_UIApplicationSupportsIndirectInputEvents = YES;
				INFOPLIST_KEY_UILaunchStoryboardName = LaunchScreen;
				INFOPLIST_KEY_UIMainStoryboardFile = Main;
				INFOPLIST_KEY_UISupportedInterfaceOrientations_iPad = "UIInterfaceOrientationPortrait UIInterfaceOrientationPortraitUpsideDown UIInterfaceOrientationLandscapeLeft UIInterfaceOrientationLandscapeRight";
				INFOPLIST_KEY_UISupportedInterfaceOrientations_iPhone = "UIInterfaceOrientationPortrait UIInterfaceOrientationLandscapeLeft UIInterfaceOrientationLandscapeRight";
				IPHONEOS_DEPLOYMENT_TARGET = 14.0;
				LD_RUNPATH_SEARCH_PATHS = (
					"$(inherited)",
					"@executable_path/Frameworks",
				);
				MARKETING_VERSION = 1.0;
				PRODUCT_BUNDLE_IDENTIFIER = com.RomanIvanov.CurrencyConverter;
				PRODUCT_NAME = "$(TARGET_NAME)";
				SWIFT_EMIT_LOC_STRINGS = YES;
				SWIFT_VERSION = 5.0;
				TARGETED_DEVICE_FAMILY = "1,2";
			};
			name = Debug;
		};
		FD64BF9428CF2F2D00010811 /* Release */ = {
			isa = XCBuildConfiguration;
			buildSettings = {
				ASSETCATALOG_COMPILER_APPICON_NAME = AppIcon;
				ASSETCATALOG_COMPILER_GLOBAL_ACCENT_COLOR_NAME = AccentColor;
				CODE_SIGN_STYLE = Automatic;
				CURRENT_PROJECT_VERSION = 1;
				GENERATE_INFOPLIST_FILE = YES;
				INFOPLIST_FILE = "CurrencyConverter/Supporting Files/Info.plist";
				INFOPLIST_KEY_UIApplicationSupportsIndirectInputEvents = YES;
				INFOPLIST_KEY_UILaunchStoryboardName = LaunchScreen;
				INFOPLIST_KEY_UIMainStoryboardFile = Main;
				INFOPLIST_KEY_UISupportedInterfaceOrientations_iPad = "UIInterfaceOrientationPortrait UIInterfaceOrientationPortraitUpsideDown UIInterfaceOrientationLandscapeLeft UIInterfaceOrientationLandscapeRight";
				INFOPLIST_KEY_UISupportedInterfaceOrientations_iPhone = "UIInterfaceOrientationPortrait UIInterfaceOrientationLandscapeLeft UIInterfaceOrientationLandscapeRight";
				IPHONEOS_DEPLOYMENT_TARGET = 14.0;
				LD_RUNPATH_SEARCH_PATHS = (
					"$(inherited)",
					"@executable_path/Frameworks",
				);
				MARKETING_VERSION = 1.0;
				PRODUCT_BUNDLE_IDENTIFIER = com.RomanIvanov.CurrencyConverter;
				PRODUCT_NAME = "$(TARGET_NAME)";
				SWIFT_EMIT_LOC_STRINGS = YES;
				SWIFT_VERSION = 5.0;
				TARGETED_DEVICE_FAMILY = "1,2";
			};
			name = Release;
		};
/* End XCBuildConfiguration section */

/* Begin XCConfigurationList section */
		FD64BF7928CF2F2A00010811 /* Build configuration list for PBXProject "CurrencyConverter" */ = {
			isa = XCConfigurationList;
			buildConfigurations = (
				FD64BF9028CF2F2D00010811 /* Debug */,
				FD64BF9128CF2F2D00010811 /* Release */,
			);
			defaultConfigurationIsVisible = 0;
			defaultConfigurationName = Release;
		};
		FD64BF9228CF2F2D00010811 /* Build configuration list for PBXNativeTarget "CurrencyConverter" */ = {
			isa = XCConfigurationList;
			buildConfigurations = (
				FD64BF9328CF2F2D00010811 /* Debug */,
				FD64BF9428CF2F2D00010811 /* Release */,
			);
			defaultConfigurationIsVisible = 0;
			defaultConfigurationName = Release;
		};
/* End XCConfigurationList section */
	};
	rootObject = FD64BF7628CF2F2A00010811 /* Project object */;
}
